{
  "nodes": {
    "agenix": {
      "inputs": {
        "darwin": [],
        "home-manager": [
          "home-manager"
        ],
        "nixpkgs": [
          "nixpkgs"
        ],
        "systems": [
          "systems"
        ]
      },
      "locked": {
        "lastModified": 1723293904,
        "narHash": "sha256-b+uqzj+Wa6xgMS9aNbX4I+sXeb5biPDi39VgvSFqFvU=",
        "owner": "ryantm",
        "repo": "agenix",
        "rev": "f6291c5935fdc4e0bef208cfc0dcab7e3f7a1c41",
        "type": "github"
      },
      "original": {
        "owner": "ryantm",
        "repo": "agenix",
        "type": "github"
      }
    },
    "arc": {
      "inputs": {
        "nixpkgs": [
          "nixpkgs"
        ]
      },
      "locked": {
        "lastModified": 1729701038,
        "narHash": "sha256-o225MlLIjcFiGgEKVT8YmrI4kHO9k7HqAedk4exHGJc=",
        "owner": "arcnmx",
        "repo": "nixexprs",
        "rev": "881c6f3075a5502b635876dac730948167022c15",
        "type": "github"
      },
      "original": {
        "owner": "arcnmx",
        "repo": "nixexprs",
        "type": "github"
      }
    },
    "base16": {
      "inputs": {
        "fromYaml": "fromYaml"
      },
      "locked": {
        "lastModified": 1708890466,
        "narHash": "sha256-LlrC09LoPi8OPYOGPXegD72v+//VapgAqhbOFS3i8sc=",
        "owner": "SenchoPens",
        "repo": "base16.nix",
        "rev": "665b3c6748534eb766c777298721cece9453fdae",
        "type": "github"
      },
      "original": {
        "owner": "SenchoPens",
        "repo": "base16.nix",
        "type": "github"
      }
    },
    "base16-schemes": {
      "flake": false,
      "locked": {
        "lastModified": 1696158499,
        "narHash": "sha256-5yIHgDTPjoX/3oDEfLSQ0eJZdFL1SaCfb9d6M0RmOTM=",
        "owner": "tinted-theming",
        "repo": "base16-schemes",
        "rev": "a9112eaae86d9dd8ee6bb9445b664fba2f94037a",
        "type": "github"
      },
      "original": {
        "owner": "tinted-theming",
        "repo": "base16-schemes",
        "type": "github"
      }
    },
    "flake-compat": {
      "locked": {
        "lastModified": 1696426674,
        "narHash": "sha256-kvjfFW7WAETZlt09AgDn1MrtKzP7t90Vf7vypd3OL1U=",
        "owner": "edolstra",
        "repo": "flake-compat",
        "rev": "0f9255e01c2351cc7d116c072cb317785dd33b33",
        "type": "github"
      },
      "original": {
        "owner": "edolstra",
        "repo": "flake-compat",
        "type": "github"
      }
    },
    "flake-utils": {
      "inputs": {
        "systems": [
          "systems"
        ]
      },
      "locked": {
        "lastModified": 1731533236,
        "narHash": "sha256-l0KFg5HjrsfsO/JpG+r7fRrqm12kzFHyUHqHCVpMMbI=",
        "owner": "numtide",
        "repo": "flake-utils",
        "rev": "11707dc2f618dd54ca8739b309ec4fc024de578b",
        "type": "github"
      },
      "original": {
        "owner": "numtide",
        "repo": "flake-utils",
        "type": "github"
      }
    },
    "fromYaml": {
      "flake": false,
      "locked": {
        "lastModified": 1689549921,
        "narHash": "sha256-iX0pk/uB019TdBGlaJEWvBCfydT6sRq+eDcGPifVsCM=",
        "owner": "SenchoPens",
        "repo": "fromYaml",
        "rev": "11fbbbfb32e3289d3c631e0134a23854e7865c84",
        "type": "github"
      },
      "original": {
        "owner": "SenchoPens",
        "repo": "fromYaml",
        "type": "github"
      }
    },
    "home-manager": {
      "inputs": {
        "nixpkgs": [
          "nixpkgs"
        ]
      },
      "locked": {
        "lastModified": 1726989464,
        "narHash": "sha256-Vl+WVTJwutXkimwGprnEtXc/s/s8sMuXzqXaspIGlwM=",
        "owner": "nix-community",
        "repo": "home-manager",
        "rev": "2f23fa308a7c067e52dfcc30a0758f47043ec176",
        "type": "github"
      },
      "original": {
        "owner": "nix-community",
        "ref": "release-24.05",
        "repo": "home-manager",
        "type": "github"
      }
    },
    "nix-colors": {
      "inputs": {
        "base16-schemes": "base16-schemes",
        "nixpkgs-lib": [
          "nixpkgs-lib"
        ]
      },
      "locked": {
        "lastModified": 1707825078,
        "narHash": "sha256-hTfge2J2W+42SZ7VHXkf4kjU+qzFqPeC9k66jAUBMHk=",
        "owner": "misterio77",
        "repo": "nix-colors",
        "rev": "b01f024090d2c4fc3152cd0cf12027a7b8453ba1",
        "type": "github"
      },
      "original": {
        "owner": "misterio77",
        "repo": "nix-colors",
        "type": "github"
      }
    },
    "nixpkgs": {
      "locked": {
        "lastModified": 1731797254,
        "narHash": "sha256-df3dJApLPhd11AlueuoN0Q4fHo/hagP75LlM5K1sz9g=",
        "owner": "nixos",
        "repo": "nixpkgs",
        "rev": "e8c38b73aeb218e27163376a2d617e61a2ad9b59",
        "type": "github"
      },
      "original": {
        "owner": "nixos",
        "ref": "nixos-24.05",
        "repo": "nixpkgs",
        "type": "github"
      }
    },
    "nixpkgs-lib": {
      "locked": {
        "lastModified": 1731805462,
        "narHash": "sha256-yhEMW4MBi+IAyEJyiKbnFvY1uARyMKJpLUhkczI49wk=",
        "owner": "nix-community",
        "repo": "nixpkgs.lib",
        "rev": "b9f04e3cf71c23bea21d2768051e6b3068d44734",
        "type": "github"
      },
      "original": {
        "owner": "nix-community",
        "repo": "nixpkgs.lib",
        "type": "github"
      }
    },
    "nixpkgs-unstable": {
      "locked": {
        "lastModified": 1731100944,
        "narHash": "sha256-gYDWDaBCLLzUC2HBNbzCqw51gbgC6uCYRWgXfes+IV8=",
        "owner": "nixos",
        "repo": "nixpkgs",
        "rev": "51190abf6296e61da41a11204212c5c893e52462",
        "type": "github"
      },
      "original": {
        "owner": "nixos",
        "repo": "nixpkgs",
        "rev": "51190abf6296e61da41a11204212c5c893e52462",
        "type": "github"
      }
    },
    "nur": {
      "locked": {
        "lastModified": 1731952383,
        "narHash": "sha256-pPd0kDOqWphc47dmRKXjcjScLOp8xluDkNldsL/eysc=",
        "owner": "nix-community",
        "repo": "NUR",
        "rev": "82fc0bfdb50a81d2ce3edeea46487bc3c9a8dff8",
        "type": "github"
      },
      "original": {
        "owner": "nix-community",
        "repo": "NUR",
        "type": "github"
      }
    },
    "plasma-manager": {
      "inputs": {
        "home-manager": [
          "home-manager"
        ],
        "nixpkgs": [
          "nixpkgs"
        ]
      },
      "locked": {
        "lastModified": 1731193165,
        "narHash": "sha256-pGF8L5g9QpkQtJP9JmNIRNZfcyhJHf7uT+d8tqI1h6Y=",
        "owner": "nix-community",
        "repo": "plasma-manager",
        "rev": "f33173b9d22e554a6f869626bc01808d35995257",
        "type": "github"
      },
      "original": {
        "owner": "nix-community",
        "ref": "trunk",
        "repo": "plasma-manager",
        "type": "github"
      }
    },
    "root": {
      "inputs": {
        "agenix": "agenix",
        "arc": "arc",
        "flake-compat": "flake-compat",
        "flake-utils": "flake-utils",
        "home-manager": "home-manager",
        "nix-colors": "nix-colors",
        "nixpkgs": "nixpkgs",
        "nixpkgs-lib": "nixpkgs-lib",
        "nixpkgs-unstable": "nixpkgs-unstable",
        "nur": "nur",
        "plasma-manager": "plasma-manager",
        "spicetify-nix": "spicetify-nix",
        "stylix": "stylix",
        "systems": "systems"
      }
    },
    "spicetify-nix": {
      "inputs": {
        "flake-compat": [
          "flake-compat"
        ],
        "nixpkgs": [
          "nixpkgs"
        ]
      },
      "locked": {
        "lastModified": 1731903427,
        "narHash": "sha256-EFY/yqF/5iTMIfuLfOVuYZws8ggrLn4vC61VjZ4mKag=",
        "owner": "Gerg-L",
        "repo": "spicetify-nix",
        "rev": "3dc8f170802b3e4a33bcdf581fb8540dc53df1c2",
        "type": "github"
      },
      "original": {
        "owner": "Gerg-L",
        "repo": "spicetify-nix",
        "type": "github"
      }
    },
    "stylix": {
      "inputs": {
        "base16": "base16",
        "base16-fish": [],
        "base16-helix": [],
        "base16-vim": [],
        "flake-compat": [
          "flake-compat"
        ],
        "flake-utils": [
          "flake-utils"
        ],
        "gnome-shell": [],
        "home-manager": [
          "home-manager"
        ],
        "nixpkgs": [
          "nixpkgs"
        ],
        "systems": [
          "systems"
        ],
        "tinted-foot": [],
        "tinted-kitty": "tinted-kitty",
        "tinted-tmux": []
      },
      "locked": {
        "lastModified": 1731657386,
        "narHash": "sha256-Mm/JL8tFUS1SOmmZDPcswExUxzw0VpHcEyZI1h58CGA=",
        "owner": "danth",
        "repo": "stylix",
        "rev": "5ab1207b2fdeb5a022f2dd7cccf6be760f1b150f",
        "type": "github"
      },
      "original": {
        "owner": "danth",
        "repo": "stylix",
        "type": "github"
      }
    },
    "systems": {
      "locked": {
        "lastModified": 1681028828,
        "narHash": "sha256-Vy1rq5AaRuLzOxct8nz4T6wlgyUR7zLU309k9mBC768=",
        "owner": "nix-systems",
        "repo": "default",
        "rev": "da67096a3b9bf56a91d16901293e51ba5b49a27e",
        "type": "github"
      },
      "original": {
        "owner": "nix-systems",
        "repo": "default",
        "type": "github"
      }
    },
    "tinted-kitty": {
      "flake": false,
      "locked": {
        "lastModified": 1716423189,
        "narHash": "sha256-2xF3sH7UIwegn+2gKzMpFi3pk5DlIlM18+vj17Uf82U=",
        "owner": "tinted-theming",
        "repo": "tinted-kitty",
        "rev": "eb39e141db14baef052893285df9f266df041ff8",
        "type": "github"
      },
      "original": {
        "owner": "tinted-theming",
        "repo": "tinted-kitty",
        "rev": "eb39e141db14baef052893285df9f266df041ff8",
        "type": "github"
      }
    }
  },
  "root": "root",
  "version": 7
}
